
Microsoft Visual Studio Solution File, Format Version 12.00
# Visual Studio 15
VisualStudioVersion = 15.0.28307.539
MinimumVisualStudioVersion = 10.0.40219.1
Project("{FAE04EC0-301F-11D3-BF4B-00C04F79EFBC}") = "Formulario", "Formulario\Formulario.csproj", "{42356F76-B44F-4294-998F-1EF41323A91E}"
EndProject
Global
	GlobalSection(SolutionConfigurationPlatforms) = preSolution
		Debug|Any CPU = Debug|Any CPU
		Release|Any CPU = Release|Any CPU
	EndGlobalSection
	GlobalSection(ProjectConfigurationPlatforms) = postSolution
		{42356F76-B44F-4294-998F-1EF41323A91E}.Debug|Any CPU.ActiveCfg = Debug|Any CPU
		{42356F76-B44F-4294-998F-1EF41323A91E}.Debug|Any CPU.Build.0 = Debug|Any CPU
		{42356F76-B44F-4294-998F-1EF41323A91E}.Release|Any CPU.ActiveCfg = Release|Any CPU
		{42356F76-B44F-4294-998F-1EF41323A91E}.Release|Any CPU.Build.0 = Release|Any CPU
	EndGlobalSection
	GlobalSection(SolutionProperties) = preSolution
		HideSolutionNode = FALSE
	EndGlobalSection
	GlobalSection(ExtensibilityGlobals) = postSolution
		SolutionGuid = {272E384D-1EDC-4304-8721-71CFF1178820}
	EndGlobalSection
EndGlobal
